
Microsoft Visual Studio Solution File, Format Version 12.00
# Visual Studio 2012
Project("{FAE04EC0-301F-11D3-BF4B-00C04F79EFBC}") = "Labwork", "Labwork\Labwork.csproj", "{7769815A-5FCD-430D-91DB-6DE7D27C37B0}"
EndProject
Global
	GlobalSection(SolutionConfigurationPlatforms) = preSolution
		Debug|Any CPU = Debug|Any CPU
		Release|Any CPU = Release|Any CPU
	EndGlobalSection
	GlobalSection(ProjectConfigurationPlatforms) = postSolution
		{7769815A-5FCD-430D-91DB-6DE7D27C37B0}.Debug|Any CPU.ActiveCfg = Debug|Any CPU
		{7769815A-5FCD-430D-91DB-6DE7D27C37B0}.Debug|Any CPU.Build.0 = Debug|Any CPU
		{7769815A-5FCD-430D-91DB-6DE7D27C37B0}.Release|Any CPU.ActiveCfg = Release|Any CPU
		{7769815A-5FCD-430D-91DB-6DE7D27C37B0}.Release|Any CPU.Build.0 = Release|Any CPU
	EndGlobalSection
	GlobalSection(SolutionProperties) = preSolution
		HideSolutionNode = FALSE
	EndGlobalSection
EndGlobal
